
Microsoft Visual Studio Solution File, Format Version 12.00
# Visual Studio Version 16
VisualStudioVersion = 16.0.32929.386
MinimumVisualStudioVersion = 10.0.40219.1
Project("{8BC9CEB8-8B4A-11D0-8D11-00A0C91BC942}") = "Homework_Nov 3_2022", "Homework_Nov 3_2022\Homework_Nov 3_2022.vcxproj", "{E28D5719-0D8A-4824-B83F-23211DAF931B}"
EndProject
Global
	GlobalSection(SolutionConfigurationPlatforms) = preSolution
		Debug|x64 = Debug|x64
		Debug|x86 = Debug|x86
		Release|x64 = Release|x64
		Release|x86 = Release|x86
	EndGlobalSection
	GlobalSection(ProjectConfigurationPlatforms) = postSolution
		{E28D5719-0D8A-4824-B83F-23211DAF931B}.Debug|x64.ActiveCfg = Debug|x64
		{E28D5719-0D8A-4824-B83F-23211DAF931B}.Debug|x64.Build.0 = Debug|x64
		{E28D5719-0D8A-4824-B83F-23211DAF931B}.Debug|x86.ActiveCfg = Debug|Win32
		{E28D5719-0D8A-4824-B83F-23211DAF931B}.Debug|x86.Build.0 = Debug|Win32
		{E28D5719-0D8A-4824-B83F-23211DAF931B}.Release|x64.ActiveCfg = Release|x64
		{E28D5719-0D8A-4824-B83F-23211DAF931B}.Release|x64.Build.0 = Release|x64
		{E28D5719-0D8A-4824-B83F-23211DAF931B}.Release|x86.ActiveCfg = Release|Win32
		{E28D5719-0D8A-4824-B83F-23211DAF931B}.Release|x86.Build.0 = Release|Win32
	EndGlobalSection
	GlobalSection(SolutionProperties) = preSolution
		HideSolutionNode = FALSE
	EndGlobalSection
	GlobalSection(ExtensibilityGlobals) = postSolution
		SolutionGuid = {2D43F7AD-5BAD-455C-AD0B-2170267AF487}
	EndGlobalSection
EndGlobal
